{
  "name": "scripting-library",
  "version": "1.0.3",
  "lockfileVersion": 3,
  "requires": true,
  "packages": {
    "": {
      "name": "scripting-library",
      "version": "1.0.3",
      "license": "ISC",
      "dependencies": {
        "@minecraft/server": "^1.11.0",
        "scripting-library": "^1.0.3"
      }
    },
    "node_modules/@minecraft/common": {
      "version": "1.2.0",
      "resolved": "https://registry.npmjs.org/@minecraft/common/-/common-1.2.0.tgz",
      "integrity": "sha512-JdmEq4P3Z/FtoBzhLijFgMSVFnFRrUoLwY8DHHrgtFo0mfLTOLTB1RErYjLMsA6b7BGVNxkX/pfFRiH7QZ0XwQ=="
    },
    "node_modules/@minecraft/server": {
      "version": "1.11.0",
      "resolved": "https://registry.npmjs.org/@minecraft/server/-/server-1.11.0.tgz",
      "integrity": "sha512-sVTKkAR7fgcgRrBrl+QiqlwiL07JTCSRbwSLpkmsPDvgfhH4bQsdPXC8fWZGRxwKikC4/oBxGq5j6pJp87yF6Q==",
      "dependencies": {
        "@minecraft/common": "^1.1.0"
      }
    },
    "node_modules/scripting-library": {
      "version": "1.0.3",
      "resolved": "https://registry.npmjs.org/scripting-library/-/scripting-library-1.0.3.tgz",
      "integrity": "sha512-P2aU61nxiEw+gMEvlNSSi4n/mWL5HCUDo54h+RW136hStE1SugAidZZe0fwT0n3GyBm6udFLnvtBHJQiUnkYIA==",
      "dependencies": {
        "@minecraft/server": "^1.11.0",
        "scripting-library": "^1.0.0"
      }
    }
  }
}
